
Microsoft Visual Studio Solution File, Format Version 12.00
# Visual Studio Version 17
VisualStudioVersion = 17.9.34701.34
MinimumVisualStudioVersion = 10.0.40219.1
Project("{9A19103F-16F7-4668-BE54-9A1E7A4F7556}") = "Server", "Server\Server.csproj", "{E499E857-85ED-4B66-9148-ADDA5A880299}"
	ProjectSection(ProjectDependencies) = postProject
		{6C342DFB-91E0-4380-B953-4EFFAD658A12} = {6C342DFB-91E0-4380-B953-4EFFAD658A12}
	EndProjectSection
EndProject
Project("{9A19103F-16F7-4668-BE54-9A1E7A4F7556}") = "Client", "Client\Client.csproj", "{6C342DFB-91E0-4380-B953-4EFFAD658A12}"
EndProject
Global
	GlobalSection(SolutionConfigurationPlatforms) = preSolution
		Debug|Any CPU = Debug|Any CPU
		Release|Any CPU = Release|Any CPU
	EndGlobalSection
	GlobalSection(ProjectConfigurationPlatforms) = postSolution
		{E499E857-85ED-4B66-9148-ADDA5A880299}.Debug|Any CPU.ActiveCfg = Debug|Any CPU
		{E499E857-85ED-4B66-9148-ADDA5A880299}.Debug|Any CPU.Build.0 = Debug|Any CPU
		{E499E857-85ED-4B66-9148-ADDA5A880299}.Release|Any CPU.ActiveCfg = Release|Any CPU
		{E499E857-85ED-4B66-9148-ADDA5A880299}.Release|Any CPU.Build.0 = Release|Any CPU
		{6C342DFB-91E0-4380-B953-4EFFAD658A12}.Debug|Any CPU.ActiveCfg = Debug|Any CPU
		{6C342DFB-91E0-4380-B953-4EFFAD658A12}.Debug|Any CPU.Build.0 = Debug|Any CPU
		{6C342DFB-91E0-4380-B953-4EFFAD658A12}.Debug|Any CPU.Deploy.0 = Debug|Any CPU
		{6C342DFB-91E0-4380-B953-4EFFAD658A12}.Release|Any CPU.ActiveCfg = Release|Any CPU
		{6C342DFB-91E0-4380-B953-4EFFAD658A12}.Release|Any CPU.Build.0 = Release|Any CPU
		{6C342DFB-91E0-4380-B953-4EFFAD658A12}.Release|Any CPU.Deploy.0 = Release|Any CPU
	EndGlobalSection
	GlobalSection(SolutionProperties) = preSolution
		HideSolutionNode = FALSE
	EndGlobalSection
	GlobalSection(ExtensibilityGlobals) = postSolution
		SolutionGuid = {D8C9FCE6-065D-4D03-86F5-2B7EC99D7C5E}
	EndGlobalSection
EndGlobal
